<?xml version="1.0" encoding="utf-8"?>
<Project ToolsVersion="4.0" xmlns="http://schemas.microsoft.com/developer/msbuild/2003">
  <ItemGroup>
    <FxCompile Include="HLSL\Third_2D_PS.hlsl">
      <Filter>着色器</Filter>
    </FxCompile>
    <FxCompile Include="HLSL\Third_2D_VS.hlsl">
      <Filter>着色器</Filter>
    </FxCompile>
    <FxCompile Include="HLSL\Third_3D_PS.hlsl">
      <Filter>着色器</Filter>
    </FxCompile>
    <FxCompile Include="HLSL\Third_3D_VS.hlsl">
      <Filter>着色器</Filter>
    </FxCompile>
  </ItemGroup>
  <ItemGroup>
    <ClCompile Include="d3dApp.cpp">
      <Filter>源文件</Filter>
    </ClCompile>
    <ClCompile Include="d3dUtil.cpp">
      <Filter>源文件</Filter>
    </ClCompile>
    <ClCompile Include="DDSTextureLoader.cpp">
      <Filter>源文件</Filter>
    </ClCompile>
    <ClCompile Include="DXTrace.cpp">
      <Filter>源文件</Filter>
    </ClCompile>
    <ClCompile Include="GameApp.cpp">
      <Filter>源文件</Filter>
    </ClCompile>
    <ClCompile Include="GameTimer.cpp">
      <Filter>源文件</Filter>
    </ClCompile>
    <ClCompile Include="Keyboard.cpp">
      <Filter>键鼠输入</Filter>
    </ClCompile>
    <ClCompile Include="Mouse.cpp">
      <Filter>键鼠输入</Filter>
    </ClCompile>
    <ClCompile Include="Main.cpp">
      <Filter>源文件</Filter>
    </ClCompile>
    <ClCompile Include="Vertex.cpp">
      <Filter>源文件</Filter>
    </ClCompile>
    <ClCompile Include="WICTextureLoader.cpp">
      <Filter>源文件</Filter>
    </ClCompile>
    <ClCompile Include="ImGui\imgui.cpp">
      <Filter>imgui</Filter>
    </ClCompile>
    <ClCompile Include="ImGui\imgui_demo.cpp">
      <Filter>imgui</Filter>
    </ClCompile>
    <ClCompile Include="ImGui\imgui_draw.cpp">
      <Filter>imgui</Filter>
    </ClCompile>
    <ClCompile Include="ImGui\imgui_impl_dx11.cpp">
      <Filter>imgui</Filter>
    </ClCompile>
    <ClCompile Include="ImGui\imgui_impl_win32.cpp">
      <Filter>imgui</Filter>
    </ClCompile>
    <ClCompile Include="ImGui\imgui_tables.cpp">
      <Filter>imgui</Filter>
    </ClCompile>
    <ClCompile Include="ImGui\imgui_widgets.cpp">
      <Filter>imgui</Filter>
    </ClCompile>
  </ItemGroup>
  <ItemGroup>
    <ClInclude Include="d3dApp.h">
      <Filter>头文件</Filter>
    </ClInclude>
    <ClInclude Include="d3dUtil.h">
      <Filter>头文件</Filter>
    </ClInclude>
    <ClInclude Include="DDSTextureLoader.h">
      <Filter>头文件</Filter>
    </ClInclude>
    <ClInclude Include="DXTrace.h">
      <Filter>头文件</Filter>
    </ClInclude>
    <ClInclude Include="GameApp.h">
      <Filter>头文件</Filter>
    </ClInclude>
    <ClInclude Include="GameTimer.h">
      <Filter>头文件</Filter>
    </ClInclude>
    <ClInclude Include="Geometry.h">
      <Filter>头文件</Filter>
    </ClInclude>
    <ClInclude Include="Keyboard.h">
      <Filter>键鼠输入</Filter>
    </ClInclude>
    <ClInclude Include="LightHelper.h">
      <Filter>头文件</Filter>
    </ClInclude>
    <ClInclude Include="Mouse.h">
      <Filter>键鼠输入</Filter>
    </ClInclude>
    <ClInclude Include="Vertex.h">
      <Filter>头文件</Filter>
    </ClInclude>
    <ClInclude Include="WICTextureLoader.h">
      <Filter>头文件</Filter>
    </ClInclude>
    <ClInclude Include="baidu_font.hpp">
      <Filter>键鼠输入</Filter>
    </ClInclude>
    <ClInclude Include="ImGui\imconfig.h">
      <Filter>imgui</Filter>
    </ClInclude>
    <ClInclude Include="ImGui\imgui.h">
      <Filter>imgui</Filter>
    </ClInclude>
    <ClInclude Include="ImGui\imgui_impl_dx11.h">
      <Filter>imgui</Filter>
    </ClInclude>
    <ClInclude Include="ImGui\imgui_impl_win32.h">
      <Filter>imgui</Filter>
    </ClInclude>
    <ClInclude Include="ImGui\imgui_internal.h">
      <Filter>imgui</Filter>
    </ClInclude>
    <ClInclude Include="ImGui\imstb_rectpack.h">
      <Filter>imgui</Filter>
    </ClInclude>
    <ClInclude Include="ImGui\imstb_textedit.h">
      <Filter>imgui</Filter>
    </ClInclude>
    <ClInclude Include="ImGui\imstb_truetype.h">
      <Filter>imgui</Filter>
    </ClInclude>
  </ItemGroup>
  <ItemGroup>
    <None Include="HLSL\Third.hlsli">
      <Filter>着色器</Filter>
    </None>
    <None Include="HLSL\LightHelper.hlsli">
      <Filter>着色器</Filter>
    </None>
  </ItemGroup>
  <ItemGroup>
    <Filter Include="头文件">
      <UniqueIdentifier>{22f6e387-1129-48f5-9f76-e22991075d90}</UniqueIdentifier>
    </Filter>
    <Filter Include="键鼠输入">
      <UniqueIdentifier>{ba82d35c-72fb-47fe-9be7-668a2cb84446}</UniqueIdentifier>
    </Filter>
    <Filter Include="源文件">
      <UniqueIdentifier>{c566527d-44d6-4a41-b1fe-c165cb1f0cfc}</UniqueIdentifier>
    </Filter>
    <Filter Include="着色器">
      <UniqueIdentifier>{90fe0df8-3d1f-4468-b4fa-08ba9be60c87}</UniqueIdentifier>
    </Filter>
    <Filter Include="imgui">
      <UniqueIdentifier>{1614e080-0b0a-4a9e-91ea-dcb897b5a101}</UniqueIdentifier>
    </Filter>
  </ItemGroup>
</Project>